
Microsoft Visual Studio Solution File, Format Version 12.00
# Visual Studio Version 16
VisualStudioVersion = 16.0.28803.452
MinimumVisualStudioVersion = 10.0.40219.1
Project("{FAE04EC0-301F-11D3-BF4B-00C04F79EFBC}") = "Client", "Client.csproj", "{32BCD175-AFB8-402F-BD4F-BBDAD8EE22A3}"
EndProject
Global
	GlobalSection(SolutionConfigurationPlatforms) = preSolution
		Debug|Any CPU = Debug|Any CPU
		Release|Any CPU = Release|Any CPU
	EndGlobalSection
	GlobalSection(ProjectConfigurationPlatforms) = postSolution
		{32BCD175-AFB8-402F-BD4F-BBDAD8EE22A3}.Debug|Any CPU.ActiveCfg = Debug|Any CPU
		{32BCD175-AFB8-402F-BD4F-BBDAD8EE22A3}.Debug|Any CPU.Build.0 = Debug|Any CPU
		{32BCD175-AFB8-402F-BD4F-BBDAD8EE22A3}.Release|Any CPU.ActiveCfg = Release|Any CPU
		{32BCD175-AFB8-402F-BD4F-BBDAD8EE22A3}.Release|Any CPU.Build.0 = Release|Any CPU
	EndGlobalSection
	GlobalSection(SolutionProperties) = preSolution
		HideSolutionNode = FALSE
	EndGlobalSection
	GlobalSection(ExtensibilityGlobals) = postSolution
		SolutionGuid = {D14AF839-65A4-42CA-AB64-408D5B66FFBB}
	EndGlobalSection
EndGlobal
